
Microsoft Visual Studio Solution File, Format Version 12.00
# Visual Studio Version 16
VisualStudioVersion = 16.0.30621.155
MinimumVisualStudioVersion = 10.0.40219.1
Project("{FAE04EC0-301F-11D3-BF4B-00C04F79EFBC}") = "MVT", "MVT\MVT.csproj", "{97AE65A8-E9E9-43F7-905A-CB75FC1E50EC}"
EndProject
Global
	GlobalSection(SolutionConfigurationPlatforms) = preSolution
		Debug|Any CPU = Debug|Any CPU
		Release|Any CPU = Release|Any CPU
	EndGlobalSection
	GlobalSection(ProjectConfigurationPlatforms) = postSolution
		{97AE65A8-E9E9-43F7-905A-CB75FC1E50EC}.Debug|Any CPU.ActiveCfg = Debug|Any CPU
		{97AE65A8-E9E9-43F7-905A-CB75FC1E50EC}.Debug|Any CPU.Build.0 = Debug|Any CPU
		{97AE65A8-E9E9-43F7-905A-CB75FC1E50EC}.Release|Any CPU.ActiveCfg = Release|Any CPU
		{97AE65A8-E9E9-43F7-905A-CB75FC1E50EC}.Release|Any CPU.Build.0 = Release|Any CPU
	EndGlobalSection
	GlobalSection(SolutionProperties) = preSolution
		HideSolutionNode = FALSE
	EndGlobalSection
	GlobalSection(ExtensibilityGlobals) = postSolution
		SolutionGuid = {95EA61BD-5FCF-4512-9208-6B9B49326606}
	EndGlobalSection
EndGlobal
